
Microsoft Visual Studio Solution File, Format Version 12.00
Project("{F2A71F9B-5D33-465A-A702-920D77279786}") = "AoC-2020", "AoC-2020\AoC-2020.fsproj", "{2FF2953E-AA75-46C6-B909-EDC63A8BF032}"
EndProject
Project("{F2A71F9B-5D33-465A-A702-920D77279786}") = "AoC-2023", "AoC-2023\AoC-2023.fsproj", "{BC5140D6-563D-4317-BAF8-E92AB78CD470}"
EndProject
Project("{F2A71F9B-5D33-465A-A702-920D77279786}") = "Common", "Common\Common.fsproj", "{3433CFFD-7FF1-4D8A-8475-0E6DE98349C8}"
EndProject
Project("{F2A71F9B-5D33-465A-A702-920D77279786}") = "Utility", "Utility\Utility.fsproj", "{5AF5E427-A8E5-47AC-A306-8B066AC0F9BC}"
EndProject
Global
	GlobalSection(SolutionConfigurationPlatforms) = preSolution
		Debug|Any CPU = Debug|Any CPU
		Release|Any CPU = Release|Any CPU
	EndGlobalSection
	GlobalSection(ProjectConfigurationPlatforms) = postSolution
		{2FF2953E-AA75-46C6-B909-EDC63A8BF032}.Debug|Any CPU.ActiveCfg = Debug|Any CPU
		{2FF2953E-AA75-46C6-B909-EDC63A8BF032}.Debug|Any CPU.Build.0 = Debug|Any CPU
		{2FF2953E-AA75-46C6-B909-EDC63A8BF032}.Release|Any CPU.ActiveCfg = Release|Any CPU
		{2FF2953E-AA75-46C6-B909-EDC63A8BF032}.Release|Any CPU.Build.0 = Release|Any CPU
		{BC5140D6-563D-4317-BAF8-E92AB78CD470}.Debug|Any CPU.ActiveCfg = Debug|Any CPU
		{BC5140D6-563D-4317-BAF8-E92AB78CD470}.Debug|Any CPU.Build.0 = Debug|Any CPU
		{BC5140D6-563D-4317-BAF8-E92AB78CD470}.Release|Any CPU.ActiveCfg = Release|Any CPU
		{BC5140D6-563D-4317-BAF8-E92AB78CD470}.Release|Any CPU.Build.0 = Release|Any CPU
		{3433CFFD-7FF1-4D8A-8475-0E6DE98349C8}.Debug|Any CPU.ActiveCfg = Debug|Any CPU
		{3433CFFD-7FF1-4D8A-8475-0E6DE98349C8}.Debug|Any CPU.Build.0 = Debug|Any CPU
		{3433CFFD-7FF1-4D8A-8475-0E6DE98349C8}.Release|Any CPU.ActiveCfg = Release|Any CPU
		{3433CFFD-7FF1-4D8A-8475-0E6DE98349C8}.Release|Any CPU.Build.0 = Release|Any CPU
		{5AF5E427-A8E5-47AC-A306-8B066AC0F9BC}.Debug|Any CPU.ActiveCfg = Debug|Any CPU
		{5AF5E427-A8E5-47AC-A306-8B066AC0F9BC}.Debug|Any CPU.Build.0 = Debug|Any CPU
		{5AF5E427-A8E5-47AC-A306-8B066AC0F9BC}.Release|Any CPU.ActiveCfg = Release|Any CPU
		{5AF5E427-A8E5-47AC-A306-8B066AC0F9BC}.Release|Any CPU.Build.0 = Release|Any CPU
	EndGlobalSection
EndGlobal
